
Microsoft Visual Studio Solution File, Format Version 12.00
# Visual Studio Version 17
VisualStudioVersion = 17.0.31903.59
MinimumVisualStudioVersion = 10.0.40219.1
Project("{8BC9CEB8-8B4A-11D0-8D11-00A0C91BC942}") = "Battleship", "Battleship\Battleship.vcxproj", "{12775310-67EF-48B2-809F-509213D58A55}"
EndProject
Project("{9A19103F-16F7-4668-BE54-9A1E7A4F7556}") = "BattleShip.Core", "BattleShip.Core\BattleShip.Core.csproj", "{FBA5B003-6AE4-41C6-86E5-BB8158E77B46}"
EndProject
Project("{9A19103F-16F7-4668-BE54-9A1E7A4F7556}") = "Server", "Test\Server.csproj", "{C9B72DB0-8008-4086-81D9-6A3127636BBF}"
EndProject
Project("{9A19103F-16F7-4668-BE54-9A1E7A4F7556}") = "Client", "Client\Client.csproj", "{D27C5084-D682-47A8-A89B-6B7A5272C44A}"
EndProject
Project("{9A19103F-16F7-4668-BE54-9A1E7A4F7556}") = "BattleShip.Core.Server", "BattleShip.Core.Server\BattleShip.Core.Server.csproj", "{FB30EDEF-E3B6-40A8-ABA2-2A731002E765}"
EndProject
Project("{FAE04EC0-301F-11D3-BF4B-00C04F79EFBC}") = "BattleShip.ConsoleGraphic", "BattleShip.ConsoleGraphic\BattleShip.ConsoleGraphic.csproj", "{109FB38F-BC23-4BCE-87B9-188B82CA34DD}"
EndProject
Global
	GlobalSection(SolutionConfigurationPlatforms) = preSolution
		Debug|Any CPU = Debug|Any CPU
		Debug|x64 = Debug|x64
		Debug|x86 = Debug|x86
		Release|Any CPU = Release|Any CPU
		Release|x64 = Release|x64
		Release|x86 = Release|x86
	EndGlobalSection
	GlobalSection(ProjectConfigurationPlatforms) = postSolution
		{12775310-67EF-48B2-809F-509213D58A55}.Debug|Any CPU.ActiveCfg = Debug|x64
		{12775310-67EF-48B2-809F-509213D58A55}.Debug|Any CPU.Build.0 = Debug|x64
		{12775310-67EF-48B2-809F-509213D58A55}.Debug|x64.ActiveCfg = Debug|x64
		{12775310-67EF-48B2-809F-509213D58A55}.Debug|x64.Build.0 = Debug|x64
		{12775310-67EF-48B2-809F-509213D58A55}.Debug|x86.ActiveCfg = Debug|Win32
		{12775310-67EF-48B2-809F-509213D58A55}.Debug|x86.Build.0 = Debug|Win32
		{12775310-67EF-48B2-809F-509213D58A55}.Release|Any CPU.ActiveCfg = Release|x64
		{12775310-67EF-48B2-809F-509213D58A55}.Release|Any CPU.Build.0 = Release|x64
		{12775310-67EF-48B2-809F-509213D58A55}.Release|x64.ActiveCfg = Release|x64
		{12775310-67EF-48B2-809F-509213D58A55}.Release|x64.Build.0 = Release|x64
		{12775310-67EF-48B2-809F-509213D58A55}.Release|x86.ActiveCfg = Release|Win32
		{12775310-67EF-48B2-809F-509213D58A55}.Release|x86.Build.0 = Release|Win32
		{FBA5B003-6AE4-41C6-86E5-BB8158E77B46}.Debug|Any CPU.ActiveCfg = Debug|Any CPU
		{FBA5B003-6AE4-41C6-86E5-BB8158E77B46}.Debug|Any CPU.Build.0 = Debug|Any CPU
		{FBA5B003-6AE4-41C6-86E5-BB8158E77B46}.Debug|x64.ActiveCfg = Debug|Any CPU
		{FBA5B003-6AE4-41C6-86E5-BB8158E77B46}.Debug|x64.Build.0 = Debug|Any CPU
		{FBA5B003-6AE4-41C6-86E5-BB8158E77B46}.Debug|x86.ActiveCfg = Debug|Any CPU
		{FBA5B003-6AE4-41C6-86E5-BB8158E77B46}.Debug|x86.Build.0 = Debug|Any CPU
		{FBA5B003-6AE4-41C6-86E5-BB8158E77B46}.Release|Any CPU.ActiveCfg = Release|Any CPU
		{FBA5B003-6AE4-41C6-86E5-BB8158E77B46}.Release|Any CPU.Build.0 = Release|Any CPU
		{FBA5B003-6AE4-41C6-86E5-BB8158E77B46}.Release|x64.ActiveCfg = Release|Any CPU
		{FBA5B003-6AE4-41C6-86E5-BB8158E77B46}.Release|x64.Build.0 = Release|Any CPU
		{FBA5B003-6AE4-41C6-86E5-BB8158E77B46}.Release|x86.ActiveCfg = Release|Any CPU
		{FBA5B003-6AE4-41C6-86E5-BB8158E77B46}.Release|x86.Build.0 = Release|Any CPU
		{C9B72DB0-8008-4086-81D9-6A3127636BBF}.Debug|Any CPU.ActiveCfg = Debug|Any CPU
		{C9B72DB0-8008-4086-81D9-6A3127636BBF}.Debug|Any CPU.Build.0 = Debug|Any CPU
		{C9B72DB0-8008-4086-81D9-6A3127636BBF}.Debug|x64.ActiveCfg = Debug|Any CPU
		{C9B72DB0-8008-4086-81D9-6A3127636BBF}.Debug|x64.Build.0 = Debug|Any CPU
		{C9B72DB0-8008-4086-81D9-6A3127636BBF}.Debug|x86.ActiveCfg = Debug|Any CPU
		{C9B72DB0-8008-4086-81D9-6A3127636BBF}.Debug|x86.Build.0 = Debug|Any CPU
		{C9B72DB0-8008-4086-81D9-6A3127636BBF}.Release|Any CPU.ActiveCfg = Release|Any CPU
		{C9B72DB0-8008-4086-81D9-6A3127636BBF}.Release|Any CPU.Build.0 = Release|Any CPU
		{C9B72DB0-8008-4086-81D9-6A3127636BBF}.Release|x64.ActiveCfg = Release|Any CPU
		{C9B72DB0-8008-4086-81D9-6A3127636BBF}.Release|x64.Build.0 = Release|Any CPU
		{C9B72DB0-8008-4086-81D9-6A3127636BBF}.Release|x86.ActiveCfg = Release|Any CPU
		{C9B72DB0-8008-4086-81D9-6A3127636BBF}.Release|x86.Build.0 = Release|Any CPU
		{D27C5084-D682-47A8-A89B-6B7A5272C44A}.Debug|Any CPU.ActiveCfg = Debug|Any CPU
		{D27C5084-D682-47A8-A89B-6B7A5272C44A}.Debug|Any CPU.Build.0 = Debug|Any CPU
		{D27C5084-D682-47A8-A89B-6B7A5272C44A}.Debug|x64.ActiveCfg = Debug|Any CPU
		{D27C5084-D682-47A8-A89B-6B7A5272C44A}.Debug|x64.Build.0 = Debug|Any CPU
		{D27C5084-D682-47A8-A89B-6B7A5272C44A}.Debug|x86.ActiveCfg = Debug|Any CPU
		{D27C5084-D682-47A8-A89B-6B7A5272C44A}.Debug|x86.Build.0 = Debug|Any CPU
		{D27C5084-D682-47A8-A89B-6B7A5272C44A}.Release|Any CPU.ActiveCfg = Release|Any CPU
		{D27C5084-D682-47A8-A89B-6B7A5272C44A}.Release|Any CPU.Build.0 = Release|Any CPU
		{D27C5084-D682-47A8-A89B-6B7A5272C44A}.Release|x64.ActiveCfg = Release|Any CPU
		{D27C5084-D682-47A8-A89B-6B7A5272C44A}.Release|x64.Build.0 = Release|Any CPU
		{D27C5084-D682-47A8-A89B-6B7A5272C44A}.Release|x86.ActiveCfg = Release|Any CPU
		{D27C5084-D682-47A8-A89B-6B7A5272C44A}.Release|x86.Build.0 = Release|Any CPU
		{FB30EDEF-E3B6-40A8-ABA2-2A731002E765}.Debug|Any CPU.ActiveCfg = Debug|Any CPU
		{FB30EDEF-E3B6-40A8-ABA2-2A731002E765}.Debug|Any CPU.Build.0 = Debug|Any CPU
		{FB30EDEF-E3B6-40A8-ABA2-2A731002E765}.Debug|x64.ActiveCfg = Debug|Any CPU
		{FB30EDEF-E3B6-40A8-ABA2-2A731002E765}.Debug|x64.Build.0 = Debug|Any CPU
		{FB30EDEF-E3B6-40A8-ABA2-2A731002E765}.Debug|x86.ActiveCfg = Debug|Any CPU
		{FB30EDEF-E3B6-40A8-ABA2-2A731002E765}.Debug|x86.Build.0 = Debug|Any CPU
		{FB30EDEF-E3B6-40A8-ABA2-2A731002E765}.Release|Any CPU.ActiveCfg = Release|Any CPU
		{FB30EDEF-E3B6-40A8-ABA2-2A731002E765}.Release|Any CPU.Build.0 = Release|Any CPU
		{FB30EDEF-E3B6-40A8-ABA2-2A731002E765}.Release|x64.ActiveCfg = Release|Any CPU
		{FB30EDEF-E3B6-40A8-ABA2-2A731002E765}.Release|x64.Build.0 = Release|Any CPU
		{FB30EDEF-E3B6-40A8-ABA2-2A731002E765}.Release|x86.ActiveCfg = Release|Any CPU
		{FB30EDEF-E3B6-40A8-ABA2-2A731002E765}.Release|x86.Build.0 = Release|Any CPU
		{109FB38F-BC23-4BCE-87B9-188B82CA34DD}.Debug|Any CPU.ActiveCfg = Debug|Any CPU
		{109FB38F-BC23-4BCE-87B9-188B82CA34DD}.Debug|Any CPU.Build.0 = Debug|Any CPU
		{109FB38F-BC23-4BCE-87B9-188B82CA34DD}.Debug|x64.ActiveCfg = Debug|Any CPU
		{109FB38F-BC23-4BCE-87B9-188B82CA34DD}.Debug|x64.Build.0 = Debug|Any CPU
		{109FB38F-BC23-4BCE-87B9-188B82CA34DD}.Debug|x86.ActiveCfg = Debug|Any CPU
		{109FB38F-BC23-4BCE-87B9-188B82CA34DD}.Debug|x86.Build.0 = Debug|Any CPU
		{109FB38F-BC23-4BCE-87B9-188B82CA34DD}.Release|Any CPU.ActiveCfg = Release|Any CPU
		{109FB38F-BC23-4BCE-87B9-188B82CA34DD}.Release|Any CPU.Build.0 = Release|Any CPU
		{109FB38F-BC23-4BCE-87B9-188B82CA34DD}.Release|x64.ActiveCfg = Release|Any CPU
		{109FB38F-BC23-4BCE-87B9-188B82CA34DD}.Release|x64.Build.0 = Release|Any CPU
		{109FB38F-BC23-4BCE-87B9-188B82CA34DD}.Release|x86.ActiveCfg = Release|Any CPU
		{109FB38F-BC23-4BCE-87B9-188B82CA34DD}.Release|x86.Build.0 = Release|Any CPU
	EndGlobalSection
	GlobalSection(SolutionProperties) = preSolution
		HideSolutionNode = FALSE
	EndGlobalSection
	GlobalSection(ExtensibilityGlobals) = postSolution
		SolutionGuid = {FDC03566-A7EF-4C16-ADBD-2916449FB2B2}
	EndGlobalSection
EndGlobal
